DEPENDENCIES
  apache_auth
    path: site-cookbooks/apache_auth
  base
    path: site-cookbooks/base
  collectd
    git: git://github.com/coderanger/chef-collectd.git
    revision: f0f1d680d09c12166ea19083c3ffe4e07aa18e99
  collectd_graphite
    path: site-cookbooks/collectd_graphite
  graphite
    git: git://github.com/hw-cookbooks/graphite.git
    revision: 7c456e4e1fa612c687261d24a124e8f056c2ceae
  graphite_all
    path: site-cookbooks/graphite_all
  hosts
    path: site-cookbooks/hosts
  iptables
    path: site-cookbooks/iptables
  logrotate
    git: git://github.com/opscode-cookbooks/logrotate.git
    revision: 55ca37a145a8c110b66bed3827e254bccf996810
  memcached
    git: git://github.com/opscode-cookbooks/memcached.git
    revision: 58e9e8fcd259c3114d532186b788d22b08f06a62
  nginx
    git: git://github.com/miketheman/nginx.git
    revision: e36944b0dac1f21044a4f0d01fc566023325cfde
  ntp
  postgresql
    git: git://github.com/hw-cookbooks/postgresql.git
    revision: 6584a0c05572b52992723705a4afc827e63016ba
  redis
    git: git://github.com/miah/chef-redis.git
    revision: 24bb91e9a580091b2ddeaeaf4eaa6d5b6b4f2cb0
  ruby
    path: site-cookbooks/ruby
  rvm
    git: git://github.com/fnichol/chef-rvm.git
    revision: 08ec265f277e112a5a2e4b201bd32ddfe1bb968c
  statsd
    git: git://github.com/hectcastro/chef-statsd.git
    revision: 385dd15e38fdd29517a8277a91b5f782c55b51d8
  time
    path: site-cookbooks/time
  timezone_lwrp
    git: git://github.com/dragonsmith/chef-timezone.git
    revision: 0aa2f30b09815b806ad49889fd25746b48420982
  tmate_master
    path: site-cookbooks/tmate_master
  tmate_nginx
    path: site-cookbooks/tmate_nginx
  tmate_proxy
    path: site-cookbooks/tmate_proxy
  tmate_slave
    path: site-cookbooks/tmate_slave
  user
    git: git://github.com/fnichol/chef-user.git
    revision: a738ee2abd8b198995c2c6fd9734bc3d6bd31036

GRAPH
  7-zip (1.0.2)
    windows (>= 1.2.2)
  apache_auth (0.0.0)
    htpasswd (>= 0.0.0)
  apt (2.7.0)
  ark (0.9.0)
    7-zip (>= 0.0.0)
    windows (>= 0.0.0)
  base (0.0.0)
    apt (>= 0.0.0)
    build-essential (>= 0.0.0)
    git (>= 0.0.0)
    user (>= 0.0.0)
  bluepill (2.3.1)
    rsyslog (>= 0.0.0)
  build-essential (2.2.3)
  chef-sugar (3.2.0)
  chef_gem (0.1.0)
  chef_handler (1.1.9)
  collectd (1.0.0)
  collectd_graphite (0.0.0)
    apt (>= 0.0.0)
    collectd (>= 0.0.0)
  discovery (0.2.2)
  dmg (2.2.2)
  git (4.2.2)
    build-essential (>= 0.0.0)
    dmg (>= 0.0.0)
    windows (>= 0.0.0)
    yum-epel (>= 0.0.0)
  graphite (1.0.2)
    build-essential (>= 0.0.0)
    memcached (>= 0.0.0)
    python (>= 0.0.0)
    runit (~> 1.0)
    yum-epel (>= 0.0.0)
  graphite_all (0.0.0)
    graphite (>= 0.0.0)
    memcached (>= 0.0.0)
    nginx (>= 0.0.0)
    statsd (>= 0.0.0)
  homebrew (1.12.0)
    build-essential (>= 2.1.2)
  hostname (0.3.0)
    hostsfile (>= 0.0.0)
  hosts (0.0.0)
    hostname (>= 0.0.0)
    hostsfile (>= 0.0.0)
  hostsfile (2.4.5)
  htpasswd (0.2.4)
    python (>= 0.0.0)
  iptables (0.0.0)
    simple_iptables (>= 0.0.0)
  java (1.31.0)
  logrotate (1.9.2)
  memcached (1.7.3)
    runit (~> 1.0)
    yum (~> 3.0)
    yum-epel (>= 0.0.0)
  nginx (2.7.6)
    apt (~> 2.2)
    bluepill (~> 2.3)
    build-essential (~> 2.0)
    ohai (~> 2.0)
    runit (~> 1.2)
    yum-epel (~> 0.3)
  nodejs (2.4.0)
    apt (>= 0.0.0)
    ark (>= 0.0.0)
    build-essential (>= 0.0.0)
    homebrew (>= 0.0.0)
    yum-epel (>= 0.0.0)
  ntp (1.8.6)
  ohai (2.0.1)
  openssl (4.4.0)
    chef-sugar (>= 3.1.1)
  packagecloud (0.0.18)
  postgresql (3.4.24)
    apt (>= 1.9.0)
    build-essential (>= 0.0.0)
    openssl (~> 4.0)
  python (1.4.6)
    build-essential (>= 0.0.0)
    yum-epel (>= 0.0.0)
  redis (2.1.1)
    build-essential (>= 0.0.0)
    discovery (>= 0.2.0)
    runit (>= 0.0.0)
    stunnel (>= 2.0.0)
    yum (>= 0.0.0)
  rsyslog (2.0.0)
  ruby (0.0.0)
    git (>= 0.0.0)
    rvm (>= 0.0.0)
  runit (1.6.0)
    packagecloud (>= 0.0.0)
  rvm (0.10.1)
    chef_gem (>= 0.0.0)
    java (>= 0.0.0)
  simple_iptables (0.7.1)
  statsd (1.1.12)
    git (>= 0.0.0)
    nodejs (>= 0.0.0)
    runit (>= 0.0.0)
  stunnel (2.1.0)
  time (0.0.0)
    ntp (>= 0.0.0)
    timezone_lwrp (>= 0.0.0)
  timezone_lwrp (0.1.6)
  tmate_master (0.0.0)
  tmate_nginx (0.0.0)
    nginx (>= 0.0.0)
  tmate_proxy (0.0.0)
  tmate_slave (0.0.0)
    build-essential (>= 0.0.0)
  user (0.4.2)
  windows (1.37.0)
    chef_handler (>= 0.0.0)
  yum (3.6.0)
  yum-epel (0.6.0)
    yum (~> 3.0)
